PODS:
  - AWSAuthCore (2.13.6):
    - AWSCore (= 2.13.6)
  - AWSAuthUI (2.13.6):
    - AWSAuthCore (= 2.13.6)
    - AWSCore (= 2.13.6)
  - AWSCognitoIdentityProvider (2.13.6):
    - AWSCognitoIdentityProviderASF (= 1.0.1)
    - AWSCore (= 2.13.6)
  - AWSCognitoIdentityProviderASF (1.0.1)
  - AWSCore (2.13.6)
  - AWSMobileClient (2.13.6):
    - AWSAuthCore (= 2.13.6)
    - AWSCognitoIdentityProvider (= 2.13.6)
  - AWSUserPoolsSignIn (2.13.6):
    - AWSAuthCore (= 2.13.6)
    - AWSCognitoIdentityProvider (= 2.13.6)
  - IQKeyboardManagerSwift (6.5.10)
  - SnapKit (5.6.0)

DEPENDENCIES:
  - AWSAuthUI (~> 2.13.0)
  - AWSMobileClient (~> 2.13.0)
  - AWSUserPoolsSignIn (~> 2.13.0)
  - IQKeyboardManagerSwift
  - SnapKit

SPEC REPOS:
  trunk:
    - AWSAuthCore
    - AWSAuthUI
    - AWSCognitoIdentityProvider
    - AWSCognitoIdentityProviderASF
    - AWSCore
    - AWSMobileClient
    - AWSUserPoolsSignIn
    - IQKeyboardManagerSwift
    - SnapKit

SPEC CHECKSUMS:
  AWSAuthCore: 62e92b5ffbd66b8ba0eac471e7f90ccfa76cf63b
  AWSAuthUI: d3bc970e09f49ebc6355694fbfaa4a0fe3da964c
  AWSCognitoIdentityProvider: 05f14f7c892df9ff764268d2ac33b4e95288e603
  AWSCognitoIdentityProviderASF: f94f1a502e72ef3d0a1de93e10bf7a79c8698118
  AWSCore: 2b6015f278770e745b4863ac5f45e007e647f298
  AWSMobileClient: 420a899c4691c7f0991daa35daee82a84396ec63
  AWSUserPoolsSignIn: 81036a9e6516e9ad3d643ca4b1a0baaf0dfd1bf1
  IQKeyboardManagerSwift: 52962c76ab33532f15ad9f3ff4e5715eda5335bb
  SnapKit: e01d52ebb8ddbc333eefe2132acf85c8227d9c25

PODFILE CHECKSUM: 00dd5e3611cbd4b36a775912e8992ec2a83eef5a

COCOAPODS: 1.11.3
